
Microsoft Visual Studio Solution File, Format Version 12.00
# Visual Studio 15
VisualStudioVersion = 15.0.27703.2026
MinimumVisualStudioVersion = 10.0.40219.1
Project("{FAE04EC0-301F-11D3-BF4B-00C04F79EFBC}") = "1B Array Example 2", "1B Array Example 2\1B Array Example 2.csproj", "{6C5B95DD-2524-4DE9-ABEF-C8FDAB542CA8}"
EndProject
Global
	GlobalSection(SolutionConfigurationPlatforms) = preSolution
		Debug|Any CPU = Debug|Any CPU
		Release|Any CPU = Release|Any CPU
	EndGlobalSection
	GlobalSection(ProjectConfigurationPlatforms) = postSolution
		{6C5B95DD-2524-4DE9-ABEF-C8FDAB542CA8}.Debug|Any CPU.ActiveCfg = Debug|Any CPU
		{6C5B95DD-2524-4DE9-ABEF-C8FDAB542CA8}.Debug|Any CPU.Build.0 = Debug|Any CPU
		{6C5B95DD-2524-4DE9-ABEF-C8FDAB542CA8}.Release|Any CPU.ActiveCfg = Release|Any CPU
		{6C5B95DD-2524-4DE9-ABEF-C8FDAB542CA8}.Release|Any CPU.Build.0 = Release|Any CPU
	EndGlobalSection
	GlobalSection(SolutionProperties) = preSolution
		HideSolutionNode = FALSE
	EndGlobalSection
	GlobalSection(ExtensibilityGlobals) = postSolution
		SolutionGuid = {24E62BA1-B18C-469B-B414-93AF830A0447}
	EndGlobalSection
EndGlobal
